// !$*UTF8*$!
{
	archiveVersion = 1;
	classes = {
	};
	objectVersion = 46;
	objects = {

/* Begin PBXBuildFile section */
		79E762DD1EBB728B00F15479 /* DataProcessPlatformIOSSDK.h in Headers */ = {isa = PBXBuildFile; fileRef = 79E762DC1EBB728B00F15479 /* DataProcessPlatformIOSSDK.h */; settings = {ATTRIBUTES = (Public, ); }; };
		79E762E41EBB728B00F15479 /* DataProcessPlatformIOSSDK.framework in Frameworks */ = {isa = PBXBuildFile; fileRef = 79E762D91EBB728B00F15479 /* DataProcessPlatformIOSSDK.framework */; };
		79E762E91EBB728B00F15479 /* DataProcessPlatformIOSSDKTests.m in Sources */ = {isa = PBXBuildFile; fileRef = 79E762E81EBB728B00F15479 /* DataProcessPlatformIOSSDKTests.m */; };
/* End PBXBuildFile section */

/* Begin PBXContainerItemProxy section */
		79E762E51EBB728B00F15479 /* PBXContainerItemProxy */ = {
			isa = PBXContainerItemProxy;
			containerPortal = 79E762D01EBB728B00F15479 /* Project object */;
			proxyType = 1;
			remoteGlobalIDString = 79E762D81EBB728B00F15479;
			remoteInfo = DataProcessPlatformIOSSDK;
		};
/* End PBXContainerItemProxy section */

/* Begin PBXFileReference section */
		79E762D91EBB728B00F15479 /* DataProcessPlatformIOSSDK.framework */ = {isa = PBXFileReference; explicitFileType = wrapper.framework; includeInIndex = 0; path = DataProcessPlatformIOSSDK.framework; sourceTree = BUILT_PRODUCTS_DIR; };
		79E762DC1EBB728B00F15479 /* DataProcessPlatformIOSSDK.h */ = {isa = PBXFileReference; lastKnownFileType = sourcecode.c.h; path = DataProcessPlatformIOSSDK.h; sourceTree = "<group>"; };
		79E762DE1EBB728B00F15479 /* Info.plist */ = {isa = PBXFileReference; lastKnownFileType = text.plist.xml; path = Info.plist; sourceTree = "<group>"; };
		79E762E31EBB728B00F15479 /* DataProcessPlatformIOSSDKTests.xctest */ = {isa = PBXFileReference; explicitFileType = wrapper.cfbundle; includeInIndex = 0; path = DataProcessPlatformIOSSDKTests.xctest; sourceTree = BUILT_PRODUCTS_DIR; };
		79E762E81EBB728B00F15479 /* DataProcessPlatformIOSSDKTests.m */ = {isa = PBXFileReference; lastKnownFileType = sourcecode.c.objc; path = DataProcessPlatformIOSSDKTests.m; sourceTree = "<group>"; };
		79E762EA1EBB728B00F15479 /* Info.plist */ = {isa = PBXFileReference; lastKnownFileType = text.plist.xml; path = Info.plist; sourceTree = "<group>"; };
/* End PBXFileReference section */

/* Begin PBXFrameworksBuildPhase section */
		79E762D51EBB728B00F15479 /* Frameworks */ = {
			isa = PBXFrameworksBuildPhase;
			buildActionMask = 2147483647;
			files = (
			);
			runOnlyForDeploymentPostprocessing = 0;
		};
		79E762E01EBB728B00F15479 /* Frameworks */ = {
			isa = PBXFrameworksBuildPhase;
			buildActionMask = 2147483647;
			files = (
				79E762E41EBB728B00F15479 /* DataProcessPlatformIOSSDK.framework in Frameworks */,
			);
			runOnlyForDeploymentPostprocessing = 0;
		};
/* End PBXFrameworksBuildPhase section */

/* Begin PBXGroup section */
		79E762CF1EBB728B00F15479 = {
			isa = PBXGroup;
			children = (
				79E762DB1EBB728B00F15479 /* DataProcessPlatformIOSSDK */,
				79E762E71EBB728B00F15479 /* DataProcessPlatformIOSSDKTests */,
				79E762DA1EBB728B00F15479 /* Products */,
			);
			sourceTree = "<group>";
		};
		79E762DA1EBB728B00F15479 /* Products */ = {
			isa = PBXGroup;
			children = (
				79E762D91EBB728B00F15479 /* DataProcessPlatformIOSSDK.framework */,
				79E762E31EBB728B00F15479 /* DataProcessPlatformIOSSDKTests.xctest */,
			);
			name = Products;
			sourceTree = "<group>";
		};
		79E762DB1EBB728B00F15479 /* DataProcessPlatformIOSSDK */ = {
			isa = PBXGroup;
			children = (
				79E762DC1EBB728B00F15479 /* DataProcessPlatformIOSSDK.h */,
				79E762DE1EBB728B00F15479 /* Info.plist */,
			);
			path = DataProcessPlatformIOSSDK;
			sourceTree = "<group>";
		};
		79E762E71EBB728B00F15479 /* DataProcessPlatformIOSSDKTests */ = {
			isa = PBXGroup;
			children = (
				79E762E81EBB728B00F15479 /* DataProcessPlatformIOSSDKTests.m */,
				79E762EA1EBB728B00F15479 /* Info.plist */,
			);
			path = DataProcessPlatformIOSSDKTests;
			sourceTree = "<group>";
		};
/* End PBXGroup section */

/* Begin PBXHeadersBuildPhase section */
		79E762D61EBB728B00F15479 /* Headers */ = {
			isa = PBXHeadersBuildPhase;
			buildActionMask = 2147483647;
			files = (
				79E762DD1EBB728B00F15479 /* DataProcessPlatformIOSSDK.h in Headers */,
			);
			runOnlyForDeploymentPostprocessing = 0;
		};
/* End PBXHeadersBuildPhase section */

/* Begin PBXNativeTarget section */
		79E762D81EBB728B00F15479 /* DataProcessPlatformIOSSDK */ = {
			isa = PBXNativeTarget;
			buildConfigurationList = 79E762ED1EBB728B00F15479 /* Build configuration list for PBXNativeTarget "DataProcessPlatformIOSSDK" */;
			buildPhases = (
				79E762D41EBB728B00F15479 /* Sources */,
				79E762D51EBB728B00F15479 /* Frameworks */,
				79E762D61EBB728B00F15479 /* Headers */,
				79E762D71EBB728B00F15479 /* Resources */,
			);
			buildRules = (
			);
			dependencies = (
			);
			name = DataProcessPlatformIOSSDK;
			productName = DataProcessPlatformIOSSDK;
			productReference = 79E762D91EBB728B00F15479 /* DataProcessPlatformIOSSDK.framework */;
			productType = "com.apple.product-type.framework";
		};
		79E762E21EBB728B00F15479 /* DataProcessPlatformIOSSDKTests */ = {
			isa = PBXNativeTarget;
			buildConfigurationList = 79E762F01EBB728B00F15479 /* Build configuration list for PBXNativeTarget "DataProcessPlatformIOSSDKTests" */;
			buildPhases = (
				79E762DF1EBB728B00F15479 /* Sources */,
				79E762E01EBB728B00F15479 /* Frameworks */,
				79E762E11EBB728B00F15479 /* Resources */,
			);
			buildRules = (
			);
			dependencies = (
				79E762E61EBB728B00F15479 /* PBXTargetDependency */,
			);
			name = DataProcessPlatformIOSSDKTests;
			productName = DataProcessPlatformIOSSDKTests;
			productReference = 79E762E31EBB728B00F15479 /* DataProcessPlatformIOSSDKTests.xctest */;
			productType = "com.apple.product-type.bundle.unit-test";
		};
/* End PBXNativeTarget section */

/* Begin PBXProject section */
		79E762D01EBB728B00F15479 /* Project object */ = {
			isa = PBXProject;
			attributes = {
				LastUpgradeCheck = 0730;
				ORGANIZATIONNAME = circletechcircletech;
				TargetAttributes = {
					79E762D81EBB728B00F15479 = {
						CreatedOnToolsVersion = 7.3;
					};
					79E762E21EBB728B00F15479 = {
						CreatedOnToolsVersion = 7.3;
					};
				};
			};
			buildConfigurationList = 79E762D31EBB728B00F15479 /* Build configuration list for PBXProject "DataProcessPlatformIOSSDK" */;
			compatibilityVersion = "Xcode 3.2";
			developmentRegion = English;
			hasScannedForEncodings = 0;
			knownRegions = (
				en,
			);
			mainGroup = 79E762CF1EBB728B00F15479;
			productRefGroup = 79E762DA1EBB728B00F15479 /* Products */;
			projectDirPath = "";
			projectRoot = "";
			targets = (
				79E762D81EBB728B00F15479 /* DataProcessPlatformIOSSDK */,
				79E762E21EBB728B00F15479 /* DataProcessPlatformIOSSDKTests */,
			);
		};
/* End PBXProject section */

/* Begin PBXResourcesBuildPhase section */
		79E762D71EBB728B00F15479 /* Resources */ = {
			isa = PBXResourcesBuildPhase;
			buildActionMask = 2147483647;
			files = (
			);
			runOnlyForDeploymentPostprocessing = 0;
		};
		79E762E11EBB728B00F15479 /* Resources */ = {
			isa = PBXResourcesBuildPhase;
			buildActionMask = 2147483647;
			files = (
			);
			runOnlyForDeploymentPostprocessing = 0;
		};
/* End PBXResourcesBuildPhase section */

/* Begin PBXSourcesBuildPhase section */
		79E762D41EBB728B00F15479 /* Sources */ = {
			isa = PBXSourcesBuildPhase;
			buildActionMask = 2147483647;
			files = (
			);
			runOnlyForDeploymentPostprocessing = 0;
		};
		79E762DF1EBB728B00F15479 /* Sources */ = {
			isa = PBXSourcesBuildPhase;
			buildActionMask = 2147483647;
			files = (
				79E762E91EBB728B00F15479 /* DataProcessPlatformIOSSDKTests.m in Sources */,
			);
			runOnlyForDeploymentPostprocessing = 0;
		};
/* End PBXSourcesBuildPhase section */

/* Begin PBXTargetDependency section */
		79E762E61EBB728B00F15479 /* PBXTargetDependency */ = {
			isa = PBXTargetDependency;
			target = 79E762D81EBB728B00F15479 /* DataProcessPlatformIOSSDK */;
			targetProxy = 79E762E51EBB728B00F15479 /* PBXContainerItemProxy */;
		};
/* End PBXTargetDependency section */

/* Begin XCBuildConfiguration section */
		79E762EB1EBB728B00F15479 /* Debug */ = {
			isa = XCBuildConfiguration;
			buildSettings = {
				ALWAYS_SEARCH_USER_PATHS = NO;
				CLANG_ANALYZER_NONNULL = YES;
				CLANG_CXX_LANGUAGE_STANDARD = "gnu++0x";
				CLANG_CXX_LIBRARY = "libc++";
				CLANG_ENABLE_MODULES = YES;
				CLANG_ENABLE_OBJC_ARC = YES;
				CLANG_WARN_BOOL_CONVERSION = YES;
				CLANG_WARN_CONSTANT_CONVERSION = YES;
				CLANG_WARN_DIRECT_OBJC_ISA_USAGE = YES_ERROR;
				CLANG_WARN_EMPTY_BODY = YES;
				CLANG_WARN_ENUM_CONVERSION = YES;
				CLANG_WARN_INT_CONVERSION = YES;
				CLANG_WARN_OBJC_ROOT_CLASS = YES_ERROR;
				CLANG_WARN_UNREACHABLE_CODE = YES;
				CLANG_WARN__DUPLICATE_METHOD_MATCH = YES;
				"CODE_SIGN_IDENTITY[sdk=iphoneos*]" = "iPhone Developer";
				COPY_PHASE_STRIP = NO;
				CURRENT_PROJECT_VERSION = 1;
				DEBUG_INFORMATION_FORMAT = dwarf;
				ENABLE_STRICT_OBJC_MSGSEND = YES;
				ENABLE_TESTABILITY = YES;
				GCC_C_LANGUAGE_STANDARD = gnu99;
				GCC_DYNAMIC_NO_PIC = NO;
				GCC_NO_COMMON_BLOCKS = YES;
				GCC_OPTIMIZATION_LEVEL = 0;
				GCC_PREPROCESSOR_DEFINITIONS = (
					"DEBUG=1",
					"$(inherited)",
				);
				GCC_WARN_64_TO_32_BIT_CONVERSION = YES;
				GCC_WARN_ABOUT_RETURN_TYPE = YES_ERROR;
				GCC_WARN_UNDECLARED_SELECTOR = YES;
				GCC_WARN_UNINITIALIZED_AUTOS = YES_AGGRESSIVE;
				GCC_WARN_UNUSED_FUNCTION = YES;
				GCC_WARN_UNUSED_VARIABLE = YES;
				IPHONEOS_DEPLOYMENT_TARGET = 9.3;
				MTL_ENABLE_DEBUG_INFO = YES;
				ONLY_ACTIVE_ARCH = YES;
				SDKROOT = iphoneos;
				TARGETED_DEVICE_FAMILY = "1,2";
				VERSIONING_SYSTEM = "apple-generic";
				VERSION_INFO_PREFIX = "";
			};
			name = Debug;
		};
		79E762EC1EBB728B00F15479 /* Release */ = {
			isa = XCBuildConfiguration;
			buildSettings = {
				ALWAYS_SEARCH_USER_PATHS = NO;
				CLANG_ANALYZER_NONNULL = YES;
				CLANG_CXX_LANGUAGE_STANDARD = "gnu++0x";
				CLANG_CXX_LIBRARY = "libc++";
				CLANG_ENABLE_MODULES = YES;
				CLANG_ENABLE_OBJC_ARC = YES;
				CLANG_WARN_BOOL_CONVERSION = YES;
				CLANG_WARN_CONSTANT_CONVERSION = YES;
				CLANG_WARN_DIRECT_OBJC_ISA_USAGE = YES_ERROR;
				CLANG_WARN_EMPTY_BODY = YES;
				CLANG_WARN_ENUM_CONVERSION = YES;
				CLANG_WARN_INT_CONVERSION = YES;
				CLANG_WARN_OBJC_ROOT_CLASS = YES_ERROR;
				CLANG_WARN_UNREACHABLE_CODE = YES;
				CLANG_WARN__DUPLICATE_METHOD_MATCH = YES;
				"CODE_SIGN_IDENTITY[sdk=iphoneos*]" = "iPhone Developer";
				COPY_PHASE_STRIP = NO;
				CURRENT_PROJECT_VERSION = 1;
				DEBUG_INFORMATION_FORMAT = "dwarf-with-dsym";
				ENABLE_NS_ASSERTIONS = NO;
				ENABLE_STRICT_OBJC_MSGSEND = YES;
				GCC_C_LANGUAGE_STANDARD = gnu99;
				GCC_NO_COMMON_BLOCKS = YES;
				GCC_WARN_64_TO_32_BIT_CONVERSION = YES;
				GCC_WARN_ABOUT_RETURN_TYPE = YES_ERROR;
				GCC_WARN_UNDECLARED_SELECTOR = YES;
				GCC_WARN_UNINITIALIZED_AUTOS = YES_AGGRESSIVE;
				GCC_WARN_UNUSED_FUNCTION = YES;
				GCC_WARN_UNUSED_VARIABLE = YES;
				IPHONEOS_DEPLOYMENT_TARGET = 9.3;
				MTL_ENABLE_DEBUG_INFO = NO;
				SDKROOT = iphoneos;
				TARGETED_DEVICE_FAMILY = "1,2";
				VALIDATE_PRODUCT = YES;
				VERSIONING_SYSTEM = "apple-generic";
				VERSION_INFO_PREFIX = "";
			};
			name = Release;
		};
		79E762EE1EBB728B00F15479 /* Debug */ = {
			isa = XCBuildConfiguration;
			buildSettings = {
				DEFINES_MODULE = YES;
				DYLIB_COMPATIBILITY_VERSION = 1;
				DYLIB_CURRENT_VERSION = 1;
				DYLIB_INSTALL_NAME_BASE = "@rpath";
				INFOPLIST_FILE = DataProcessPlatformIOSSDK/Info.plist;
				INSTALL_PATH = "$(LOCAL_LIBRARY_DIR)/Frameworks";
				LD_RUNPATH_SEARCH_PATHS = "$(inherited) @executable_path/Frameworks @loader_path/Frameworks";
				PRODUCT_BUNDLE_IDENTIFIER = connectsmartconnect.DataProcessPlatformIOSSDK;
				PRODUCT_NAME = "$(TARGET_NAME)";
				SKIP_INSTALL = YES;
			};
			name = Debug;
		};
		79E762EF1EBB728B00F15479 /* Release */ = {
			isa = XCBuildConfiguration;
			buildSettings = {
				DEFINES_MODULE = YES;
				DYLIB_COMPATIBILITY_VERSION = 1;
				DYLIB_CURRENT_VERSION = 1;
				DYLIB_INSTALL_NAME_BASE = "@rpath";
				INFOPLIST_FILE = DataProcessPlatformIOSSDK/Info.plist;
				INSTALL_PATH = "$(LOCAL_LIBRARY_DIR)/Frameworks";
				LD_RUNPATH_SEARCH_PATHS = "$(inherited) @executable_path/Frameworks @loader_path/Frameworks";
				PRODUCT_BUNDLE_IDENTIFIER = connectsmartconnect.DataProcessPlatformIOSSDK;
				PRODUCT_NAME = "$(TARGET_NAME)";
				SKIP_INSTALL = YES;
			};
			name = Release;
		};
		79E762F11EBB728B00F15479 /* Debug */ = {
			isa = XCBuildConfiguration;
			buildSettings = {
				INFOPLIST_FILE = DataProcessPlatformIOSSDKTests/Info.plist;
				LD_RUNPATH_SEARCH_PATHS = "$(inherited) @executable_path/Frameworks @loader_path/Frameworks";
				PRODUCT_BUNDLE_IDENTIFIER = connectsmartconnect.DataProcessPlatformIOSSDKTests;
				PRODUCT_NAME = "$(TARGET_NAME)";
			};
			name = Debug;
		};
		79E762F21EBB728B00F15479 /* Release */ = {
			isa = XCBuildConfiguration;
			buildSettings = {
				INFOPLIST_FILE = DataProcessPlatformIOSSDKTests/Info.plist;
				LD_RUNPATH_SEARCH_PATHS = "$(inherited) @executable_path/Frameworks @loader_path/Frameworks";
				PRODUCT_BUNDLE_IDENTIFIER = connectsmartconnect.DataProcessPlatformIOSSDKTests;
				PRODUCT_NAME = "$(TARGET_NAME)";
			};
			name = Release;
		};
/* End XCBuildConfiguration section */

/* Begin XCConfigurationList section */
		79E762D31EBB728B00F15479 /* Build configuration list for PBXProject "DataProcessPlatformIOSSDK" */ = {
			isa = XCConfigurationList;
			buildConfigurations = (
				79E762EB1EBB728B00F15479 /* Debug */,
				79E762EC1EBB728B00F15479 /* Release */,
			);
			defaultConfigurationIsVisible = 0;
			defaultConfigurationName = Release;
		};
		79E762ED1EBB728B00F15479 /* Build configuration list for PBXNativeTarget "DataProcessPlatformIOSSDK" */ = {
			isa = XCConfigurationList;
			buildConfigurations = (
				79E762EE1EBB728B00F15479 /* Debug */,
				79E762EF1EBB728B00F15479 /* Release */,
			);
			defaultConfigurationIsVisible = 0;
		};
		79E762F01EBB728B00F15479 /* Build configuration list for PBXNativeTarget "DataProcessPlatformIOSSDKTests" */ = {
			isa = XCConfigurationList;
			buildConfigurations = (
				79E762F11EBB728B00F15479 /* Debug */,
				79E762F21EBB728B00F15479 /* Release */,
			);
			defaultConfigurationIsVisible = 0;
		};
/* End XCConfigurationList section */
	};
	rootObject = 79E762D01EBB728B00F15479 /* Project object */;
}
